
Microsoft Visual Studio Solution File, Format Version 12.00
# Visual Studio Version 16
VisualStudioVersion = 16.0.28803.202
MinimumVisualStudioVersion = 10.0.40219.1
Project("{FAE04EC0-301F-11D3-BF4B-00C04F79EFBC}") = "coursAsp_ActivitePart3", "coursAsp_ActivitePart3\coursAsp_ActivitePart3.csproj", "{345EFB3A-9157-4015-9439-BBBE8591E4D0}"
EndProject
Project("{FAE04EC0-301F-11D3-BF4B-00C04F79EFBC}") = "coursAsp_ActivitePart3.Tests", "coursAsp_ActivitePart3.Tests\coursAsp_ActivitePart3.Tests.csproj", "{AFB9B4F2-6624-49D7-9658-50953385E83F}"
EndProject
Global
	GlobalSection(SolutionConfigurationPlatforms) = preSolution
		Debug|Any CPU = Debug|Any CPU
		Release|Any CPU = Release|Any CPU
	EndGlobalSection
	GlobalSection(ProjectConfigurationPlatforms) = postSolution
		{345EFB3A-9157-4015-9439-BBBE8591E4D0}.Debug|Any CPU.ActiveCfg = Debug|Any CPU
		{345EFB3A-9157-4015-9439-BBBE8591E4D0}.Debug|Any CPU.Build.0 = Debug|Any CPU
		{345EFB3A-9157-4015-9439-BBBE8591E4D0}.Release|Any CPU.ActiveCfg = Release|Any CPU
		{345EFB3A-9157-4015-9439-BBBE8591E4D0}.Release|Any CPU.Build.0 = Release|Any CPU
		{AFB9B4F2-6624-49D7-9658-50953385E83F}.Debug|Any CPU.ActiveCfg = Debug|Any CPU
		{AFB9B4F2-6624-49D7-9658-50953385E83F}.Debug|Any CPU.Build.0 = Debug|Any CPU
		{AFB9B4F2-6624-49D7-9658-50953385E83F}.Release|Any CPU.ActiveCfg = Release|Any CPU
		{AFB9B4F2-6624-49D7-9658-50953385E83F}.Release|Any CPU.Build.0 = Release|Any CPU
	EndGlobalSection
	GlobalSection(SolutionProperties) = preSolution
		HideSolutionNode = FALSE
	EndGlobalSection
	GlobalSection(ExtensibilityGlobals) = postSolution
		SolutionGuid = {28F9EFEE-831B-4B8A-9F5A-4153DF6B97F0}
	EndGlobalSection
EndGlobal
